
Microsoft Visual Studio Solution File, Format Version 12.00
# Visual Studio Version 16
VisualStudioVersion = 16.0.31005.135
MinimumVisualStudioVersion = 10.0.40219.1
Project("{FAE04EC0-301F-11D3-BF4B-00C04F79EFBC}") = "DublinBike", "DublinBike\DublinBike.csproj", "{8166DD3E-7780-46FC-80DE-7FA3F649C75C}"
EndProject
Global
	GlobalSection(SolutionConfigurationPlatforms) = preSolution
		Debug|Any CPU = Debug|Any CPU
		Release|Any CPU = Release|Any CPU
	EndGlobalSection
	GlobalSection(ProjectConfigurationPlatforms) = postSolution
		{8166DD3E-7780-46FC-80DE-7FA3F649C75C}.Debug|Any CPU.ActiveCfg = Debug|Any CPU
		{8166DD3E-7780-46FC-80DE-7FA3F649C75C}.Debug|Any CPU.Build.0 = Debug|Any CPU
		{8166DD3E-7780-46FC-80DE-7FA3F649C75C}.Release|Any CPU.ActiveCfg = Release|Any CPU
		{8166DD3E-7780-46FC-80DE-7FA3F649C75C}.Release|Any CPU.Build.0 = Release|Any CPU
	EndGlobalSection
	GlobalSection(SolutionProperties) = preSolution
		HideSolutionNode = FALSE
	EndGlobalSection
	GlobalSection(ExtensibilityGlobals) = postSolution
		SolutionGuid = {980BBB30-3198-4234-B90E-476A5AC22987}
	EndGlobalSection
EndGlobal
